
Microsoft Visual Studio Solution File, Format Version 12.00
# Visual Studio Version 16
VisualStudioVersion = 16.0.31729.503
MinimumVisualStudioVersion = 10.0.40219.1
Project("{FAE04EC0-301F-11D3-BF4B-00C04F79EFBC}") = "BTH4_ADO_TranMinhTan", "BTH4_ADO_TranMinhTan\BTH4_ADO_TranMinhTan.csproj", "{6CEFE0AA-715D-40C0-B489-907DDA2281C8}"
EndProject
Project("{FAE04EC0-301F-11D3-BF4B-00C04F79EFBC}") = "BTH4_ADO", "BTH4_ADO\BTH4_ADO.csproj", "{55C7AFE3-470B-402D-B4C9-D0BCED8267D4}"
EndProject
Global
	GlobalSection(SolutionConfigurationPlatforms) = preSolution
		Debug|Any CPU = Debug|Any CPU
		Release|Any CPU = Release|Any CPU
	EndGlobalSection
	GlobalSection(ProjectConfigurationPlatforms) = postSolution
		{6CEFE0AA-715D-40C0-B489-907DDA2281C8}.Debug|Any CPU.ActiveCfg = Debug|Any CPU
		{6CEFE0AA-715D-40C0-B489-907DDA2281C8}.Debug|Any CPU.Build.0 = Debug|Any CPU
		{6CEFE0AA-715D-40C0-B489-907DDA2281C8}.Release|Any CPU.ActiveCfg = Release|Any CPU
		{6CEFE0AA-715D-40C0-B489-907DDA2281C8}.Release|Any CPU.Build.0 = Release|Any CPU
		{55C7AFE3-470B-402D-B4C9-D0BCED8267D4}.Debug|Any CPU.ActiveCfg = Debug|Any CPU
		{55C7AFE3-470B-402D-B4C9-D0BCED8267D4}.Debug|Any CPU.Build.0 = Debug|Any CPU
		{55C7AFE3-470B-402D-B4C9-D0BCED8267D4}.Release|Any CPU.ActiveCfg = Release|Any CPU
		{55C7AFE3-470B-402D-B4C9-D0BCED8267D4}.Release|Any CPU.Build.0 = Release|Any CPU
	EndGlobalSection
	GlobalSection(SolutionProperties) = preSolution
		HideSolutionNode = FALSE
	EndGlobalSection
	GlobalSection(ExtensibilityGlobals) = postSolution
		SolutionGuid = {2B87E6C5-B418-4F82-B765-B9EAF4FA2176}
	EndGlobalSection
EndGlobal
